// !$*UTF8*$!
{
	archiveVersion = 1;
	classes = {
	};
	objectVersion = 50;
	objects = {

/* Begin PBXBuildFile section */
		69E7B4DC21A73C9C0071AE7F /* AppDelegate.swift in Sources */ = {isa = PBXBuildFile; fileRef = 69E7B4DB21A73C9C0071AE7F /* AppDelegate.swift */; };
		69E7B4DE21A73C9C0071AE7F /* ViewController.swift in Sources */ = {isa = PBXBuildFile; fileRef = 69E7B4DD21A73C9C0071AE7F /* ViewController.swift */; };
		69E7B4E121A73C9C0071AE7F /* Main.storyboard in Resources */ = {isa = PBXBuildFile; fileRef = 69E7B4DF21A73C9C0071AE7F /* Main.storyboard */; };
		69E7B4E421A73C9C0071AE7F /* SaltCount.xcdatamodeld in Sources */ = {isa = PBXBuildFile; fileRef = 69E7B4E221A73C9C0071AE7F /* SaltCount.xcdatamodeld */; };
		69E7B4E621A73C9F0071AE7F /* Assets.xcassets in Resources */ = {isa = PBXBuildFile; fileRef = 69E7B4E521A73C9F0071AE7F /* Assets.xcassets */; };
		69E7B4E921A73C9F0071AE7F /* LaunchScreen.storyboard in Resources */ = {isa = PBXBuildFile; fileRef = 69E7B4E721A73C9F0071AE7F /* LaunchScreen.storyboard */; };
		69E7B4F421A73C9F0071AE7F /* SaltCountTests.swift in Sources */ = {isa = PBXBuildFile; fileRef = 69E7B4F321A73C9F0071AE7F /* SaltCountTests.swift */; };
		69E7B4FF21A73C9F0071AE7F /* SaltCountUITests.swift in Sources */ = {isa = PBXBuildFile; fileRef = 69E7B4FE21A73C9F0071AE7F /* SaltCountUITests.swift */; };
/* End PBXBuildFile section */

/* Begin PBXContainerItemProxy section */
		69E7B4F021A73C9F0071AE7F /* PBXContainerItemProxy */ = {
			isa = PBXContainerItemProxy;
			containerPortal = 69E7B4D021A73C9C0071AE7F /* Project object */;
			proxyType = 1;
			remoteGlobalIDString = 69E7B4D721A73C9C0071AE7F;
			remoteInfo = SaltCount;
		};
		69E7B4FB21A73C9F0071AE7F /* PBXContainerItemProxy */ = {
			isa = PBXContainerItemProxy;
			containerPortal = 69E7B4D021A73C9C0071AE7F /* Project object */;
			proxyType = 1;
			remoteGlobalIDString = 69E7B4D721A73C9C0071AE7F;
			remoteInfo = SaltCount;
		};
/* End PBXContainerItemProxy section */

/* Begin PBXFileReference section */
		69E7B4D821A73C9C0071AE7F /* SaltCount.app */ = {isa = PBXFileReference; explicitFileType = wrapper.application; includeInIndex = 0; path = SaltCount.app; sourceTree = BUILT_PRODUCTS_DIR; };
		69E7B4DB21A73C9C0071AE7F /* AppDelegate.swift */ = {isa = PBXFileReference; lastKnownFileType = sourcecode.swift; path = AppDelegate.swift; sourceTree = "<group>"; };
		69E7B4DD21A73C9C0071AE7F /* ViewController.swift */ = {isa = PBXFileReference; lastKnownFileType = sourcecode.swift; path = ViewController.swift; sourceTree = "<group>"; };
		69E7B4E021A73C9C0071AE7F /* Base */ = {isa = PBXFileReference; lastKnownFileType = file.storyboard; name = Base; path = Base.lproj/Main.storyboard; sourceTree = "<group>"; };
		69E7B4E321A73C9C0071AE7F /* SaltCount.xcdatamodel */ = {isa = PBXFileReference; lastKnownFileType = wrapper.xcdatamodel; path = SaltCount.xcdatamodel; sourceTree = "<group>"; };
		69E7B4E521A73C9F0071AE7F /* Assets.xcassets */ = {isa = PBXFileReference; lastKnownFileType = folder.assetcatalog; path = Assets.xcassets; sourceTree = "<group>"; };
		69E7B4E821A73C9F0071AE7F /* Base */ = {isa = PBXFileReference; lastKnownFileType = file.storyboard; name = Base; path = Base.lproj/LaunchScreen.storyboard; sourceTree = "<group>"; };
		69E7B4EA21A73C9F0071AE7F /* Info.plist */ = {isa = PBXFileReference; lastKnownFileType = text.plist.xml; path = Info.plist; sourceTree = "<group>"; };
		69E7B4EF21A73C9F0071AE7F /* SaltCountTests.xctest */ = {isa = PBXFileReference; explicitFileType = wrapper.cfbundle; includeInIndex = 0; path = SaltCountTests.xctest; sourceTree = BUILT_PRODUCTS_DIR; };
		69E7B4F321A73C9F0071AE7F /* SaltCountTests.swift */ = {isa = PBXFileReference; lastKnownFileType = sourcecode.swift; path = SaltCountTests.swift; sourceTree = "<group>"; };
		69E7B4F521A73C9F0071AE7F /* Info.plist */ = {isa = PBXFileReference; lastKnownFileType = text.plist.xml; path = Info.plist; sourceTree = "<group>"; };
		69E7B4FA21A73C9F0071AE7F /* SaltCountUITests.xctest */ = {isa = PBXFileReference; explicitFileType = wrapper.cfbundle; includeInIndex = 0; path = SaltCountUITests.xctest; sourceTree = BUILT_PRODUCTS_DIR; };
		69E7B4FE21A73C9F0071AE7F /* SaltCountUITests.swift */ = {isa = PBXFileReference; lastKnownFileType = sourcecode.swift; path = SaltCountUITests.swift; sourceTree = "<group>"; };
		69E7B50021A73C9F0071AE7F /* Info.plist */ = {isa = PBXFileReference; lastKnownFileType = text.plist.xml; path = Info.plist; sourceTree = "<group>"; };
/* End PBXFileReference section */

/* Begin PBXFrameworksBuildPhase section */
		69E7B4D521A73C9C0071AE7F /* Frameworks */ = {
			isa = PBXFrameworksBuildPhase;
			buildActionMask = 2147483647;
			files = (
			);
			runOnlyForDeploymentPostprocessing = 0;
		};
		69E7B4EC21A73C9F0071AE7F /* Frameworks */ = {
			isa = PBXFrameworksBuildPhase;
			buildActionMask = 2147483647;
			files = (
			);
			runOnlyForDeploymentPostprocessing = 0;
		};
		69E7B4F721A73C9F0071AE7F /* Frameworks */ = {
			isa = PBXFrameworksBuildPhase;
			buildActionMask = 2147483647;
			files = (
			);
			runOnlyForDeploymentPostprocessing = 0;
		};
/* End PBXFrameworksBuildPhase section */

/* Begin PBXGroup section */
		69E7B4CF21A73C9C0071AE7F = {
			isa = PBXGroup;
			children = (
				69E7B4DA21A73C9C0071AE7F /* SaltCount */,
				69E7B4F221A73C9F0071AE7F /* SaltCountTests */,
				69E7B4FD21A73C9F0071AE7F /* SaltCountUITests */,
				69E7B4D921A73C9C0071AE7F /* Products */,
			);
			sourceTree = "<group>";
		};
		69E7B4D921A73C9C0071AE7F /* Products */ = {
			isa = PBXGroup;
			children = (
				69E7B4D821A73C9C0071AE7F /* SaltCount.app */,
				69E7B4EF21A73C9F0071AE7F /* SaltCountTests.xctest */,
				69E7B4FA21A73C9F0071AE7F /* SaltCountUITests.xctest */,
			);
			name = Products;
			sourceTree = "<group>";
		};
		69E7B4DA21A73C9C0071AE7F /* SaltCount */ = {
			isa = PBXGroup;
			children = (
				69E7B4DB21A73C9C0071AE7F /* AppDelegate.swift */,
				69E7B4DD21A73C9C0071AE7F /* ViewController.swift */,
				69E7B4DF21A73C9C0071AE7F /* Main.storyboard */,
				69E7B4E521A73C9F0071AE7F /* Assets.xcassets */,
				69E7B4E721A73C9F0071AE7F /* LaunchScreen.storyboard */,
				69E7B4EA21A73C9F0071AE7F /* Info.plist */,
				69E7B4E221A73C9C0071AE7F /* SaltCount.xcdatamodeld */,
			);
			path = SaltCount;
			sourceTree = "<group>";
		};
		69E7B4F221A73C9F0071AE7F /* SaltCountTests */ = {
			isa = PBXGroup;
			children = (
				69E7B4F321A73C9F0071AE7F /* SaltCountTests.swift */,
				69E7B4F521A73C9F0071AE7F /* Info.plist */,
			);
			path = SaltCountTests;
			sourceTree = "<group>";
		};
		69E7B4FD21A73C9F0071AE7F /* SaltCountUITests */ = {
			isa = PBXGroup;
			children = (
				69E7B4FE21A73C9F0071AE7F /* SaltCountUITests.swift */,
				69E7B50021A73C9F0071AE7F /* Info.plist */,
			);
			path = SaltCountUITests;
			sourceTree = "<group>";
		};
/* End PBXGroup section */

/* Begin PBXNativeTarget section */
		69E7B4D721A73C9C0071AE7F /* SaltCount */ = {
			isa = PBXNativeTarget;
			buildConfigurationList = 69E7B50321A73C9F0071AE7F /* Build configuration list for PBXNativeTarget "SaltCount" */;
			buildPhases = (
				69E7B4D421A73C9C0071AE7F /* Sources */,
				69E7B4D521A73C9C0071AE7F /* Frameworks */,
				69E7B4D621A73C9C0071AE7F /* Resources */,
			);
			buildRules = (
			);
			dependencies = (
			);
			name = SaltCount;
			productName = SaltCount;
			productReference = 69E7B4D821A73C9C0071AE7F /* SaltCount.app */;
			productType = "com.apple.product-type.application";
		};
		69E7B4EE21A73C9F0071AE7F /* SaltCountTests */ = {
			isa = PBXNativeTarget;
			buildConfigurationList = 69E7B50621A73C9F0071AE7F /* Build configuration list for PBXNativeTarget "SaltCountTests" */;
			buildPhases = (
				69E7B4EB21A73C9F0071AE7F /* Sources */,
				69E7B4EC21A73C9F0071AE7F /* Frameworks */,
				69E7B4ED21A73C9F0071AE7F /* Resources */,
			);
			buildRules = (
			);
			dependencies = (
				69E7B4F121A73C9F0071AE7F /* PBXTargetDependency */,
			);
			name = SaltCountTests;
			productName = SaltCountTests;
			productReference = 69E7B4EF21A73C9F0071AE7F /* SaltCountTests.xctest */;
			productType = "com.apple.product-type.bundle.unit-test";
		};
		69E7B4F921A73C9F0071AE7F /* SaltCountUITests */ = {
			isa = PBXNativeTarget;
			buildConfigurationList = 69E7B50921A73C9F0071AE7F /* Build configuration list for PBXNativeTarget "SaltCountUITests" */;
			buildPhases = (
				69E7B4F621A73C9F0071AE7F /* Sources */,
				69E7B4F721A73C9F0071AE7F /* Frameworks */,
				69E7B4F821A73C9F0071AE7F /* Resources */,
			);
			buildRules = (
			);
			dependencies = (
				69E7B4FC21A73C9F0071AE7F /* PBXTargetDependency */,
			);
			name = SaltCountUITests;
			productName = SaltCountUITests;
			productReference = 69E7B4FA21A73C9F0071AE7F /* SaltCountUITests.xctest */;
			productType = "com.apple.product-type.bundle.ui-testing";
		};
/* End PBXNativeTarget section */

/* Begin PBXProject section */
		69E7B4D021A73C9C0071AE7F /* Project object */ = {
			isa = PBXProject;
			attributes = {
				LastSwiftUpdateCheck = 1010;
				LastUpgradeCheck = 1010;
				ORGANIZATIONNAME = "Jeff DeWitte";
				TargetAttributes = {
					69E7B4D721A73C9C0071AE7F = {
						CreatedOnToolsVersion = 10.1;
					};
					69E7B4EE21A73C9F0071AE7F = {
						CreatedOnToolsVersion = 10.1;
						TestTargetID = 69E7B4D721A73C9C0071AE7F;
					};
					69E7B4F921A73C9F0071AE7F = {
						CreatedOnToolsVersion = 10.1;
						TestTargetID = 69E7B4D721A73C9C0071AE7F;
					};
				};
			};
			buildConfigurationList = 69E7B4D321A73C9C0071AE7F /* Build configuration list for PBXProject "SaltCount" */;
			compatibilityVersion = "Xcode 9.3";
			developmentRegion = en;
			hasScannedForEncodings = 0;
			knownRegions = (
				en,
				Base,
			);
			mainGroup = 69E7B4CF21A73C9C0071AE7F;
			productRefGroup = 69E7B4D921A73C9C0071AE7F /* Products */;
			projectDirPath = "";
			projectRoot = "";
			targets = (
				69E7B4D721A73C9C0071AE7F /* SaltCount */,
				69E7B4EE21A73C9F0071AE7F /* SaltCountTests */,
				69E7B4F921A73C9F0071AE7F /* SaltCountUITests */,
			);
		};
/* End PBXProject section */

/* Begin PBXResourcesBuildPhase section */
		69E7B4D621A73C9C0071AE7F /* Resources */ = {
			isa = PBXResourcesBuildPhase;
			buildActionMask = 2147483647;
			files = (
				69E7B4E921A73C9F0071AE7F /* LaunchScreen.storyboard in Resources */,
				69E7B4E621A73C9F0071AE7F /* Assets.xcassets in Resources */,
				69E7B4E121A73C9C0071AE7F /* Main.storyboard in Resources */,
			);
			runOnlyForDeploymentPostprocessing = 0;
		};
		69E7B4ED21A73C9F0071AE7F /* Resources */ = {
			isa = PBXResourcesBuildPhase;
			buildActionMask = 2147483647;
			files = (
			);
			runOnlyForDeploymentPostprocessing = 0;
		};
		69E7B4F821A73C9F0071AE7F /* Resources */ = {
			isa = PBXResourcesBuildPhase;
			buildActionMask = 2147483647;
			files = (
			);
			runOnlyForDeploymentPostprocessing = 0;
		};
/* End PBXResourcesBuildPhase section */

/* Begin PBXSourcesBuildPhase section */
		69E7B4D421A73C9C0071AE7F /* Sources */ = {
			isa = PBXSourcesBuildPhase;
			buildActionMask = 2147483647;
			files = (
				69E7B4DE21A73C9C0071AE7F /* ViewController.swift in Sources */,
				69E7B4E421A73C9C0071AE7F /* SaltCount.xcdatamodeld in Sources */,
				69E7B4DC21A73C9C0071AE7F /* AppDelegate.swift in Sources */,
			);
			runOnlyForDeploymentPostprocessing = 0;
		};
		69E7B4EB21A73C9F0071AE7F /* Sources */ = {
			isa = PBXSourcesBuildPhase;
			buildActionMask = 2147483647;
			files = (
				69E7B4F421A73C9F0071AE7F /* SaltCountTests.swift in Sources */,
			);
			runOnlyForDeploymentPostprocessing = 0;
		};
		69E7B4F621A73C9F0071AE7F /* Sources */ = {
			isa = PBXSourcesBuildPhase;
			buildActionMask = 2147483647;
			files = (
				69E7B4FF21A73C9F0071AE7F /* SaltCountUITests.swift in Sources */,
			);
			runOnlyForDeploymentPostprocessing = 0;
		};
/* End PBXSourcesBuildPhase section */

/* Begin PBXTargetDependency section */
		69E7B4F121A73C9F0071AE7F /* PBXTargetDependency */ = {
			isa = PBXTargetDependency;
			target = 69E7B4D721A73C9C0071AE7F /* SaltCount */;
			targetProxy = 69E7B4F021A73C9F0071AE7F /* PBXContainerItemProxy */;
		};
		69E7B4FC21A73C9F0071AE7F /* PBXTargetDependency */ = {
			isa = PBXTargetDependency;
			target = 69E7B4D721A73C9C0071AE7F /* SaltCount */;
			targetProxy = 69E7B4FB21A73C9F0071AE7F /* PBXContainerItemProxy */;
		};
/* End PBXTargetDependency section */

/* Begin PBXVariantGroup section */
		69E7B4DF21A73C9C0071AE7F /* Main.storyboard */ = {
			isa = PBXVariantGroup;
			children = (
				69E7B4E021A73C9C0071AE7F /* Base */,
			);
			name = Main.storyboard;
			sourceTree = "<group>";
		};
		69E7B4E721A73C9F0071AE7F /* LaunchScreen.storyboard */ = {
			isa = PBXVariantGroup;
			children = (
				69E7B4E821A73C9F0071AE7F /* Base */,
			);
			name = LaunchScreen.storyboard;
			sourceTree = "<group>";
		};
/* End PBXVariantGroup section */

/* Begin XCBuildConfiguration section */
		69E7B50121A73C9F0071AE7F /* Debug */ = {
			isa = XCBuildConfiguration;
			buildSettings = {
				ALWAYS_SEARCH_USER_PATHS = NO;
				CLANG_ANALYZER_NONNULL = YES;
				CLANG_ANALYZER_NUMBER_OBJECT_CONVERSION = YES_AGGRESSIVE;
				CLANG_CXX_LANGUAGE_STANDARD = "gnu++14";
				CLANG_CXX_LIBRARY = "libc++";
				CLANG_ENABLE_MODULES = YES;
				CLANG_ENABLE_OBJC_ARC = YES;
				CLANG_ENABLE_OBJC_WEAK = YES;
				CLANG_WARN_BLOCK_CAPTURE_AUTORELEASING = YES;
				CLANG_WARN_BOOL_CONVERSION = YES;
				CLANG_WARN_COMMA = YES;
				CLANG_WARN_CONSTANT_CONVERSION = YES;
				CLANG_WARN_DEPRECATED_OBJC_IMPLEMENTATIONS = YES;
				CLANG_WARN_DIRECT_OBJC_ISA_USAGE = YES_ERROR;
				CLANG_WARN_DOCUMENTATION_COMMENTS = YES;
				CLANG_WARN_EMPTY_BODY = YES;
				CLANG_WARN_ENUM_CONVERSION = YES;
				CLANG_WARN_INFINITE_RECURSION = YES;
				CLANG_WARN_INT_CONVERSION = YES;
				CLANG_WARN_NON_LITERAL_NULL_CONVERSION = YES;
				CLANG_WARN_OBJC_IMPLICIT_RETAIN_SELF = YES;
				CLANG_WARN_OBJC_LITERAL_CONVERSION = YES;
				CLANG_WARN_OBJC_ROOT_CLASS = YES_ERROR;
				CLANG_WARN_RANGE_LOOP_ANALYSIS = YES;
				CLANG_WARN_STRICT_PROTOTYPES = YES;
				CLANG_WARN_SUSPICIOUS_MOVE = YES;
				CLANG_WARN_UNGUARDED_AVAILABILITY = YES_AGGRESSIVE;
				CLANG_WARN_UNREACHABLE_CODE = YES;
				CLANG_WARN__DUPLICATE_METHOD_MATCH = YES;
				CODE_SIGN_IDENTITY = "iPhone Developer";
				COPY_PHASE_STRIP = NO;
				DEBUG_INFORMATION_FORMAT = dwarf;
				ENABLE_STRICT_OBJC_MSGSEND = YES;
				ENABLE_TESTABILITY = YES;
				GCC_C_LANGUAGE_STANDARD = gnu11;
				GCC_DYNAMIC_NO_PIC = NO;
				GCC_NO_COMMON_BLOCKS = YES;
				GCC_OPTIMIZATION_LEVEL = 0;
				GCC_PREPROCESSOR_DEFINITIONS = (
					"DEBUG=1",
					"$(inherited)",
				);
				GCC_WARN_64_TO_32_BIT_CONVERSION = YES;
				GCC_WARN_ABOUT_RETURN_TYPE = YES_ERROR;
				GCC_WARN_UNDECLARED_SELECTOR = YES;
				GCC_WARN_UNINITIALIZED_AUTOS = YES_AGGRESSIVE;
				GCC_WARN_UNUSED_FUNCTION = YES;
				GCC_WARN_UNUSED_VARIABLE = YES;
				IPHONEOS_DEPLOYMENT_TARGET = 12.1;
				MTL_ENABLE_DEBUG_INFO = INCLUDE_SOURCE;
				MTL_FAST_MATH = YES;
				ONLY_ACTIVE_ARCH = YES;
				SDKROOT = iphoneos;
				SWIFT_ACTIVE_COMPILATION_CONDITIONS = DEBUG;
				SWIFT_OPTIMIZATION_LEVEL = "-Onone";
			};
			name = Debug;
		};
		69E7B50221A73C9F0071AE7F /* Release */ = {
			isa = XCBuildConfiguration;
			buildSettings = {
				ALWAYS_SEARCH_USER_PATHS = NO;
				CLANG_ANALYZER_NONNULL = YES;
				CLANG_ANALYZER_NUMBER_OBJECT_CONVERSION = YES_AGGRESSIVE;
				CLANG_CXX_LANGUAGE_STANDARD = "gnu++14";
				CLANG_CXX_LIBRARY = "libc++";
				CLANG_ENABLE_MODULES = YES;
				CLANG_ENABLE_OBJC_ARC = YES;
				CLANG_ENABLE_OBJC_WEAK = YES;
				CLANG_WARN_BLOCK_CAPTURE_AUTORELEASING = YES;
				CLANG_WARN_BOOL_CONVERSION = YES;
				CLANG_WARN_COMMA = YES;
				CLANG_WARN_CONSTANT_CONVERSION = YES;
				CLANG_WARN_DEPRECATED_OBJC_IMPLEMENTATIONS = YES;
				CLANG_WARN_DIRECT_OBJC_ISA_USAGE = YES_ERROR;
				CLANG_WARN_DOCUMENTATION_COMMENTS = YES;
				CLANG_WARN_EMPTY_BODY = YES;
				CLANG_WARN_ENUM_CONVERSION = YES;
				CLANG_WARN_INFINITE_RECURSION = YES;
				CLANG_WARN_INT_CONVERSION = YES;
				CLANG_WARN_NON_LITERAL_NULL_CONVERSION = YES;
				CLANG_WARN_OBJC_IMPLICIT_RETAIN_SELF = YES;
				CLANG_WARN_OBJC_LITERAL_CONVERSION = YES;
				CLANG_WARN_OBJC_ROOT_CLASS = YES_ERROR;
				CLANG_WARN_RANGE_LOOP_ANALYSIS = YES;
				CLANG_WARN_STRICT_PROTOTYPES = YES;
				CLANG_WARN_SUSPICIOUS_MOVE = YES;
				CLANG_WARN_UNGUARDED_AVAILABILITY = YES_AGGRESSIVE;
				CLANG_WARN_UNREACHABLE_CODE = YES;
				CLANG_WARN__DUPLICATE_METHOD_MATCH = YES;
				CODE_SIGN_IDENTITY = "iPhone Developer";
				COPY_PHASE_STRIP = NO;
				DEBUG_INFORMATION_FORMAT = "dwarf-with-dsym";
				ENABLE_NS_ASSERTIONS = NO;
				ENABLE_STRICT_OBJC_MSGSEND = YES;
				GCC_C_LANGUAGE_STANDARD = gnu11;
				GCC_NO_COMMON_BLOCKS = YES;
				GCC_WARN_64_TO_32_BIT_CONVERSION = YES;
				GCC_WARN_ABOUT_RETURN_TYPE = YES_ERROR;
				GCC_WARN_UNDECLARED_SELECTOR = YES;
				GCC_WARN_UNINITIALIZED_AUTOS = YES_AGGRESSIVE;
				GCC_WARN_UNUSED_FUNCTION = YES;
				GCC_WARN_UNUSED_VARIABLE = YES;
				IPHONEOS_DEPLOYMENT_TARGET = 12.1;
				MTL_ENABLE_DEBUG_INFO = NO;
				MTL_FAST_MATH = YES;
				SDKROOT = iphoneos;
				SWIFT_COMPILATION_MODE = wholemodule;
				SWIFT_OPTIMIZATION_LEVEL = "-O";
				VALIDATE_PRODUCT = YES;
			};
			name = Release;
		};
		69E7B50421A73C9F0071AE7F /* Debug */ = {
			isa = XCBuildConfiguration;
			buildSettings = {
				ASSETCATALOG_COMPILER_APPICON_NAME = AppIcon;
				CODE_SIGN_STYLE = Automatic;
				DEVELOPMENT_TEAM = 2NUP76MX22;
				INFOPLIST_FILE = SaltCount/Info.plist;
				LD_RUNPATH_SEARCH_PATHS = (
					"$(inherited)",
					"@executable_path/Frameworks",
				);
				PRODUCT_BUNDLE_IDENTIFIER = punkcode.SaltCount;
				PRODUCT_NAME = "$(TARGET_NAME)";
				SWIFT_VERSION = 4.2;
				TARGETED_DEVICE_FAMILY = "1,2";
			};
			name = Debug;
		};
		69E7B50521A73C9F0071AE7F /* Release */ = {
			isa = XCBuildConfiguration;
			buildSettings = {
				ASSETCATALOG_COMPILER_APPICON_NAME = AppIcon;
				CODE_SIGN_STYLE = Automatic;
				DEVELOPMENT_TEAM = 2NUP76MX22;
				INFOPLIST_FILE = SaltCount/Info.plist;
				LD_RUNPATH_SEARCH_PATHS = (
					"$(inherited)",
					"@executable_path/Frameworks",
				);
				PRODUCT_BUNDLE_IDENTIFIER = punkcode.SaltCount;
				PRODUCT_NAME = "$(TARGET_NAME)";
				SWIFT_VERSION = 4.2;
				TARGETED_DEVICE_FAMILY = "1,2";
			};
			name = Release;
		};
		69E7B50721A73C9F0071AE7F /* Debug */ = {
			isa = XCBuildConfiguration;
			buildSettings = {
				ALWAYS_EMBED_SWIFT_STANDARD_LIBRARIES = YES;
				BUNDLE_LOADER = "$(TEST_HOST)";
				CODE_SIGN_STYLE = Automatic;
				DEVELOPMENT_TEAM = 2NUP76MX22;
				INFOPLIST_FILE = SaltCountTests/Info.plist;
				LD_RUNPATH_SEARCH_PATHS = (
					"$(inherited)",
					"@executable_path/Frameworks",
					"@loader_path/Frameworks",
				);
				PRODUCT_BUNDLE_IDENTIFIER = punkcode.SaltCountTests;
				PRODUCT_NAME = "$(TARGET_NAME)";
				SWIFT_VERSION = 4.2;
				TARGETED_DEVICE_FAMILY = "1,2";
				TEST_HOST = "$(BUILT_PRODUCTS_DIR)/SaltCount.app/SaltCount";
			};
			name = Debug;
		};
		69E7B50821A73C9F0071AE7F /* Release */ = {
			isa = XCBuildConfiguration;
			buildSettings = {
				ALWAYS_EMBED_SWIFT_STANDARD_LIBRARIES = YES;
				BUNDLE_LOADER = "$(TEST_HOST)";
				CODE_SIGN_STYLE = Automatic;
				DEVELOPMENT_TEAM = 2NUP76MX22;
				INFOPLIST_FILE = SaltCountTests/Info.plist;
				LD_RUNPATH_SEARCH_PATHS = (
					"$(inherited)",
					"@executable_path/Frameworks",
					"@loader_path/Frameworks",
				);
				PRODUCT_BUNDLE_IDENTIFIER = punkcode.SaltCountTests;
				PRODUCT_NAME = "$(TARGET_NAME)";
				SWIFT_VERSION = 4.2;
				TARGETED_DEVICE_FAMILY = "1,2";
				TEST_HOST = "$(BUILT_PRODUCTS_DIR)/SaltCount.app/SaltCount";
			};
			name = Release;
		};
		69E7B50A21A73C9F0071AE7F /* Debug */ = {
			isa = XCBuildConfiguration;
			buildSettings = {
				ALWAYS_EMBED_SWIFT_STANDARD_LIBRARIES = YES;
				CODE_SIGN_STYLE = Automatic;
				DEVELOPMENT_TEAM = 2NUP76MX22;
				INFOPLIST_FILE = SaltCountUITests/Info.plist;
				LD_RUNPATH_SEARCH_PATHS = (
					"$(inherited)",
					"@executable_path/Frameworks",
					"@loader_path/Frameworks",
				);
				PRODUCT_BUNDLE_IDENTIFIER = punkcode.SaltCountUITests;
				PRODUCT_NAME = "$(TARGET_NAME)";
				SWIFT_VERSION = 4.2;
				TARGETED_DEVICE_FAMILY = "1,2";
				TEST_TARGET_NAME = SaltCount;
			};
			name = Debug;
		};
		69E7B50B21A73C9F0071AE7F /* Release */ = {
			isa = XCBuildConfiguration;
			buildSettings = {
				ALWAYS_EMBED_SWIFT_STANDARD_LIBRARIES = YES;
				CODE_SIGN_STYLE = Automatic;
				DEVELOPMENT_TEAM = 2NUP76MX22;
				INFOPLIST_FILE = SaltCountUITests/Info.plist;
				LD_RUNPATH_SEARCH_PATHS = (
					"$(inherited)",
					"@executable_path/Frameworks",
					"@loader_path/Frameworks",
				);
				PRODUCT_BUNDLE_IDENTIFIER = punkcode.SaltCountUITests;
				PRODUCT_NAME = "$(TARGET_NAME)";
				SWIFT_VERSION = 4.2;
				TARGETED_DEVICE_FAMILY = "1,2";
				TEST_TARGET_NAME = SaltCount;
			};
			name = Release;
		};
/* End XCBuildConfiguration section */

/* Begin XCConfigurationList section */
		69E7B4D321A73C9C0071AE7F /* Build configuration list for PBXProject "SaltCount" */ = {
			isa = XCConfigurationList;
			buildConfigurations = (
				69E7B50121A73C9F0071AE7F /* Debug */,
				69E7B50221A73C9F0071AE7F /* Release */,
			);
			defaultConfigurationIsVisible = 0;
			defaultConfigurationName = Release;
		};
		69E7B50321A73C9F0071AE7F /* Build configuration list for PBXNativeTarget "SaltCount" */ = {
			isa = XCConfigurationList;
			buildConfigurations = (
				69E7B50421A73C9F0071AE7F /* Debug */,
				69E7B50521A73C9F0071AE7F /* Release */,
			);
			defaultConfigurationIsVisible = 0;
			defaultConfigurationName = Release;
		};
		69E7B50621A73C9F0071AE7F /* Build configuration list for PBXNativeTarget "SaltCountTests" */ = {
			isa = XCConfigurationList;
			buildConfigurations = (
				69E7B50721A73C9F0071AE7F /* Debug */,
				69E7B50821A73C9F0071AE7F /* Release */,
			);
			defaultConfigurationIsVisible = 0;
			defaultConfigurationName = Release;
		};
		69E7B50921A73C9F0071AE7F /* Build configuration list for PBXNativeTarget "SaltCountUITests" */ = {
			isa = XCConfigurationList;
			buildConfigurations = (
				69E7B50A21A73C9F0071AE7F /* Debug */,
				69E7B50B21A73C9F0071AE7F /* Release */,
			);
			defaultConfigurationIsVisible = 0;
			defaultConfigurationName = Release;
		};
/* End XCConfigurationList section */

/* Begin XCVersionGroup section */
		69E7B4E221A73C9C0071AE7F /* SaltCount.xcdatamodeld */ = {
			isa = XCVersionGroup;
			children = (
				69E7B4E321A73C9C0071AE7F /* SaltCount.xcdatamodel */,
			);
			currentVersion = 69E7B4E321A73C9C0071AE7F /* SaltCount.xcdatamodel */;
			path = SaltCount.xcdatamodeld;
			sourceTree = "<group>";
			versionGroupType = wrapper.xcdatamodel;
		};
/* End XCVersionGroup section */
	};
	rootObject = 69E7B4D021A73C9C0071AE7F /* Project object */;
}
